#MicroXplorer Configuration settings - do not modify
Mcu.Family=STM32F4
NVIC.USART3_IRQn=true\:6\:0\:true\:false\:true\:true\:true
ProjectManager.MainLocation=Core/Src
Dma.USART6_RX.5.FIFOMode=DMA_FIFOMODE_DISABLE
Dma.USART1_TX.2.Direction=DMA_MEMORY_TO_PERIPH
VP_TIM10_VS_ClockSourceINT.Signal=TIM10_VS_ClockSourceINT
PH0-OSC_IN.Signal=RCC_OSC_IN
USART2.IPParameters=VirtualMode,BaudRate,StopBits
RCC.CortexFreq_Value=168000000
Dma.USART3_TX.4.Priority=DMA_PRIORITY_LOW
ProjectManager.KeepUserCode=true
Mcu.UserName=STM32F407ZGTx
PB10.Mode=Asynchronous
ADC1.ContinuousConvMode=ENABLE
Dma.USART6_RX.5.Priority=DMA_PRIORITY_LOW
USART1.BaudRate=9600
PC10.Locked=true
RCC.PLLCLKFreq_Value=168000000
PC10.Signal=GPIO_Input
PC12.Signal=UART5_TX
RCC.PLLQCLKFreq_Value=84000000
Dma.UART5_RX.6.Direction=DMA_PERIPH_TO_MEMORY
ProjectManager.functionlistsort=1-MX_GPIO_Init-GPIO-false-HAL-true,2-MX_DMA_Init-DMA-false-LL-true,3-SystemClock_Config-RCC-false-LL-false,4-MX_ADC1_Init-ADC1-false-LL-true,5-MX_TIM10_Init-TIM10-false-LL-true,6-MX_USART1_UART_Init-USART1-false-LL-true,7-MX_USART2_UART_Init-USART2-false-LL-true,8-MX_USART3_UART_Init-USART3-false-LL-true,9-MX_TIM2_Init-TIM2-false-LL-true,10-MX_UART5_Init-UART5-false-LL-true,11-MX_USART6_UART_Init-USART6-false-LL-true
PC0.GPIOParameters=GPIO_Label
PA9.GPIOParameters=GPIO_Label
PC0.GPIO_Label=modbusTxEnable
RCC.RTCFreq_Value=32000
PA3.GPIOParameters=GPIO_Label
PC9.Locked=true
PD2.GPIOParameters=GPIO_Label
USART1.IPParameters=VirtualMode,BaudRate
Dma.USART6_RX.5.PeriphDataAlignment=DMA_PDATAALIGN_BYTE
PB11.Signal=USART3_RX
Dma.UART5_RX.6.RequestParameters=Instance,Direction,PeriphInc,MemInc,PeriphDataAlignment,MemDataAlignment,Mode,Priority,FIFOMode
PA2.GPIOParameters=GPIO_Label
Dma.USART3_RX.3.Mode=DMA_NORMAL
PinOutPanel.RotationAngle=0
RCC.SYSCLKSource=RCC_SYSCLKSOURCE_PLLCLK
ProjectManager.StackSize=0x400
PB5.GPIOParameters=GPIO_Label
NVIC.UART5_IRQn=true\:8\:0\:true\:false\:true\:true\:true
Dma.USART6_RX.5.MemInc=DMA_MINC_ENABLE
Dma.USART3_RX.3.MemDataAlignment=DMA_MDATAALIGN_BYTE
Mcu.IP4=SYS
RCC.FCLKCortexFreq_Value=168000000
Mcu.IP5=TIM2
Mcu.IP2=NVIC
NVIC.SVCall_IRQn=true\:0\:0\:false\:false\:true\:false\:false
NVIC.ADC_IRQn=true\:5\:0\:true\:false\:true\:true\:true
Mcu.IP3=RCC
Mcu.IP0=ADC1
PB4.GPIOParameters=GPIO_Label
Mcu.IP1=DMA
USART3.BaudRate=9600
Mcu.UserConstants=
Dma.USART3_RX.3.PeriphDataAlignment=DMA_PDATAALIGN_BYTE
Mcu.ThirdPartyNb=0
Dma.USART6_RX.5.Instance=DMA2_Stream1
RCC.HCLKFreq_Value=168000000
Mcu.IPNb=12
RCC.I2SClocksFreq_Value=192000000
TIM2.IPParameters=AutoReloadPreload,Prescaler,Period
ProjectManager.PreviousToolchain=
RCC.APB2TimFreq_Value=168000000
Dma.USART3_TX.4.MemDataAlignment=DMA_MDATAALIGN_BYTE
VP_TIM10_VS_ClockSourceINT.Mode=Enable_Timer
Dma.ADC1.0.Direction=DMA_PERIPH_TO_MEMORY
RCC.VcooutputI2S=192000000
ADC1.Channel-2\#ChannelRegularConversion=ADC_CHANNEL_4
PC7.Signal=USART6_RX
ADC1.InjNumberOfConversion=0
Mcu.Pin6=PA0-WKUP
Mcu.Pin7=PA2
VP_TIM2_VS_ClockSourceINT.Signal=TIM2_VS_ClockSourceINT
NVIC.DMA2_Stream0_IRQn=true\:9\:0\:true\:false\:true\:false\:true
Mcu.Pin8=PA3
Mcu.Pin9=PA4
Dma.USART1_RX.1.MemInc=DMA_MINC_ENABLE
Dma.ADC1.0.MemDataAlignment=DMA_MDATAALIGN_HALFWORD
Dma.UART5_RX.6.PeriphDataAlignment=DMA_PDATAALIGN_BYTE
RCC.AHBFreq_Value=168000000
PH0-OSC_IN.Mode=HSE-External-Oscillator
Mcu.Pin0=PE2
Mcu.Pin1=PC14-OSC32_IN
GPIO.groupedBy=
Mcu.Pin2=PC15-OSC32_OUT
Mcu.Pin3=PH0-OSC_IN
Mcu.Pin4=PH1-OSC_OUT
PA0-WKUP.GPIOParameters=GPIO_Label
Mcu.Pin5=PC0
ProjectManager.ProjectBuild=false
RCC.HSE_VALUE=25000000
Dma.USART1_RX.1.PeriphDataAlignment=DMA_PDATAALIGN_BYTE
NVIC.UsageFault_IRQn=true\:0\:0\:false\:false\:true\:false\:false
NVIC.DebugMonitor_IRQn=true\:0\:0\:false\:false\:true\:false\:false
ADC1.ScanConvMode=ENABLE
Dma.USART3_RX.3.Instance=DMA1_Stream1
Mcu.IP10=USART3
NVIC.SysTick_IRQn=true\:0\:0\:false\:false\:true\:false\:true
Mcu.IP11=USART6
Dma.USART6_RX.5.RequestParameters=Instance,Direction,PeriphInc,MemInc,PeriphDataAlignment,MemDataAlignment,Mode,Priority,FIFOMode
Dma.UART5_RX.6.Mode=DMA_CIRCULAR
ProjectManager.FirmwarePackage=STM32Cube FW_F4 V1.25.2
MxDb.Version=DB.6.0.0
ADC1.Rank-2\#ChannelRegularConversion=1
ProjectManager.BackupPrevious=true
PC14-OSC32_IN.Mode=LSE-External-Oscillator
RCC.VCOInputFreq_Value=2000000
Dma.ADC1.0.PeriphInc=DMA_PINC_DISABLE
PC11.GPIO_Label=triggerPutterKey_OFFBOARD
NVIC.TIM2_IRQn=true\:4\:0\:true\:false\:true\:true\:true
File.Version=6
PA10.GPIO_Label=temperatureAndHumidityUSART_RX
PB3.GPIOParameters=GPIO_Label
Dma.USART1_TX.2.PeriphDataAlignment=DMA_PDATAALIGN_BYTE
PE2.Signal=GPIO_Input
Dma.USART3_RX.3.PeriphInc=DMA_PINC_DISABLE
SH.ADCx_IN4.ConfNb=1
NVIC.PendSV_IRQn=true\:0\:0\:false\:false\:true\:false\:false
Dma.USART1_TX.2.MemDataAlignment=DMA_MDATAALIGN_BYTE
Dma.USART3_TX.4.Direction=DMA_MEMORY_TO_PERIPH
Dma.RequestsNb=7
ProjectManager.HalAssertFull=false
ProjectManager.ProjectName=ashbin
Dma.USART1_RX.1.Mode=DMA_NORMAL
PH1-OSC_OUT.Mode=HSE-External-Oscillator
RCC.MCO2PinFreq_Value=168000000
Mcu.Package=LQFP144
TIM2.Prescaler=0
NVIC.DMA2_Stream7_IRQn=true\:9\:0\:true\:false\:true\:false\:true
Dma.USART6_RX.5.PeriphInc=DMA_PINC_DISABLE
USART2.VirtualMode=VM_ASYNC
USART6.VirtualMode=VM_ASYNC
ProjectManager.ToolChainLocation=
PA2.GPIO_Label=modbusSlaveUSART_TX
Dma.USART6_RX.5.Mode=DMA_NORMAL
RCC.LSI_VALUE=32000
VP_SYS_VS_Systick.Signal=SYS_VS_Systick
USART3.IPParameters=VirtualMode,BaudRate
PA10.Signal=USART1_RX
Dma.USART3_RX.3.RequestParameters=Instance,Direction,PeriphInc,MemInc,PeriphDataAlignment,MemDataAlignment,Mode,Priority,FIFOMode
UART5.IPParameters=VirtualMode,BaudRate
Dma.USART3_TX.4.Instance=DMA1_Stream3
Dma.USART3_RX.3.MemInc=DMA_MINC_ENABLE
Dma.USART1_RX.1.PeriphInc=DMA_PINC_DISABLE
RCC.APB2CLKDivider=RCC_HCLK_DIV2
PB5.GPIO_Label=tempreatureIndicator
NVIC.DMA2_Stream2_IRQn=true\:9\:0\:true\:false\:true\:false\:true
Dma.Request2=USART1_TX
Dma.Request1=USART1_RX
RCC.APB1TimFreq_Value=84000000
Dma.Request4=USART3_TX
Dma.Request3=USART3_RX
NVIC.BusFault_IRQn=true\:0\:0\:false\:false\:true\:false\:false
Dma.Request6=UART5_RX
Dma.ADC1.0.FIFOMode=DMA_FIFOMODE_DISABLE
Dma.UART5_RX.6.Priority=DMA_PRIORITY_LOW
Dma.Request5=USART6_RX
NVIC.DMA1_Stream0_IRQn=true\:9\:0\:true\:false\:true\:false\:true
UART5.BaudRate=9600
PB10.GPIOParameters=GPIO_Label
Dma.USART1_RX.1.Priority=DMA_PRIORITY_LOW
NVIC.USART1_IRQn=true\:8\:0\:true\:false\:true\:true\:true
Dma.Request0=ADC1
TIM10.IPParameters=Prescaler,Period
PA4.GPIO_Label=gasConcentrationADC_IN
PE2.GPIO_Label=full
ProjectManager.CustomerFirmwarePackage=
PB3.Locked=true
PB4.Signal=GPIO_Output
PA3.Signal=USART2_RX
Dma.USART3_TX.4.FIFOMode=DMA_FIFOMODE_DISABLE
PB3.GPIO_Label=fullIndicator
TIM10.Prescaler=4199
Dma.USART3_TX.4.PeriphInc=DMA_PINC_DISABLE
PC15-OSC32_OUT.Mode=LSE-External-Oscillator
Dma.USART3_TX.4.RequestParameters=Instance,Direction,PeriphInc,MemInc,PeriphDataAlignment,MemDataAlignment,Mode,Priority,FIFOMode
Dma.USART1_RX.1.Instance=DMA2_Stream2
Dma.USART3_RX.3.Direction=DMA_PERIPH_TO_MEMORY
ProjectManager.ProjectFileName=ashbin.ioc
Dma.ADC1.0.Instance=DMA2_Stream0
Dma.USART1_RX.1.MemDataAlignment=DMA_MDATAALIGN_BYTE
PA10.Mode=Asynchronous
PC10.GPIO_Label=stopper
Mcu.PinsNb=27
Dma.USART1_TX.2.MemInc=DMA_MINC_ENABLE
PC9.GPIO_Label=putterControll
ProjectManager.NoMain=false
PC11.Locked=true
Dma.UART5_RX.6.FIFOMode=DMA_FIFOMODE_DISABLE
ADC1.IPParameters=Rank-2\#ChannelRegularConversion,master,Channel-2\#ChannelRegularConversion,SamplingTime-2\#ChannelRegularConversion,NbrOfConversionFlag,ScanConvMode,ContinuousConvMode,DMAContinuousRequests,NbrOfConversion,InjNumberOfConversion
USART6.IPParameters=VirtualMode
Dma.USART3_TX.4.MemInc=DMA_MINC_ENABLE
PC11.Signal=GPIO_Input
PA9.GPIO_Label=temperatureAndHumidityUSART_TX
Dma.UART5_RX.6.MemDataAlignment=DMA_MDATAALIGN_BYTE
PC6.Signal=USART6_TX
PB11.GPIO_Label=weightUART_RX
ProjectManager.DefaultFWLocation=false
Dma.USART1_TX.2.RequestParameters=Instance,Direction,PeriphInc,MemInc,PeriphDataAlignment,MemDataAlignment,Mode,Priority,FIFOMode
Dma.UART5_RX.6.MemInc=DMA_MINC_ENABLE
NVIC.DMA1_Stream1_IRQn=true\:9\:0\:true\:false\:true\:false\:true
NVIC.DMA2_Stream1_IRQn=true\:9\:0\:true\:false\:true\:false\:true
ProjectManager.DeletePrevious=true
UART5.VirtualMode=Asynchronous
PC0.Signal=GPIO_Output
RCC.APB1CLKDivider=RCC_HCLK_DIV4
PC14-OSC32_IN.Signal=RCC_OSC32_IN
Dma.UART5_RX.6.PeriphInc=DMA_PINC_DISABLE
PC11.GPIOParameters=GPIO_Label
NVIC.USART2_IRQn=true\:8\:0\:true\:false\:true\:true\:true
USART2.BaudRate=115200
ADC1.SamplingTime-2\#ChannelRegularConversion=ADC_SAMPLETIME_28CYCLES
RCC.FamilyName=M
PA0-WKUP.GPIO_Label=triggerPutterKey
PA0-WKUP.Signal=GPIO_Input
PA0-WKUP.Locked=true
NVIC.USART6_IRQn=true\:8\:0\:true\:false\:true\:true\:true
PC12.GPIOParameters=GPIO_Label
Dma.UART5_RX.6.Instance=DMA1_Stream0
PA3.Mode=Asynchronous
Dma.ADC1.0.PeriphDataAlignment=DMA_PDATAALIGN_HALFWORD
PA9.Mode=Asynchronous
PB11.Mode=Asynchronous
ProjectManager.TargetToolchain=Makefile
Dma.USART1_RX.1.RequestParameters=Instance,Direction,PeriphInc,MemInc,PeriphDataAlignment,MemDataAlignment,Mode,Priority,FIFOMode
PB10.GPIO_Label=weightUART_TX
Dma.ADC1.0.Mode=DMA_CIRCULAR
PC6.Mode=Asynchronous
Dma.ADC1.0.Priority=DMA_PRIORITY_LOW
Dma.USART3_RX.3.FIFOMode=DMA_FIFOMODE_DISABLE
PA9.Signal=USART1_TX
PB11.GPIOParameters=GPIO_Label
PB5.Locked=true
PE2.GPIOParameters=GPIO_Label
ProjectManager.RegisterCallBack=
PC15-OSC32_OUT.Signal=RCC_OSC32_OUT
PB10.Signal=USART3_TX
RCC.VCOI2SOutputFreq_Value=384000000
PD2.Mode=Asynchronous
Dma.USART1_RX.1.FIFOMode=DMA_FIFOMODE_DISABLE
Dma.USART3_TX.4.PeriphDataAlignment=DMA_PDATAALIGN_BYTE
PC12.Mode=Asynchronous
board=custom
RCC.VCOOutputFreq_Value=336000000
ProjectManager.LastFirmware=false
Dma.USART1_TX.2.FIFOMode=DMA_FIFOMODE_DISABLE
Dma.ADC1.0.RequestParameters=Instance,Direction,PeriphInc,MemInc,PeriphDataAlignment,MemDataAlignment,Mode,Priority,FIFOMode
TIM10.Period=35
RCC.APB2Freq_Value=84000000
Dma.USART6_RX.5.MemDataAlignment=DMA_MDATAALIGN_BYTE
USART2.StopBits=STOPBITS_1
MxCube.Version=6.0.0
PB4.GPIO_Label=weightIndicator
VP_TIM2_VS_ClockSourceINT.Mode=Internal
Dma.USART1_TX.2.Priority=DMA_PRIORITY_LOW
PA10.GPIOParameters=GPIO_Label
VP_SYS_VS_Systick.Mode=SysTick
RCC.EthernetFreq_Value=168000000
PH1-OSC_OUT.Signal=RCC_OSC_OUT
SH.ADCx_IN4.0=ADC1_IN4,IN4
NVIC.NonMaskableInt_IRQn=true\:0\:0\:false\:false\:true\:false\:false
PA4.GPIOParameters=GPIO_Label
PC10.GPIOParameters=GPIO_Label
ADC1.DMAContinuousRequests=ENABLE
TIM2.Period=16800000
ADC1.NbrOfConversion=1
Dma.USART6_RX.5.Direction=DMA_PERIPH_TO_MEMORY
ProjectManager.FreePins=false
RCC.IPParameters=48MHZClocksFreq_Value,AHBFreq_Value,APB1CLKDivider,APB1Freq_Value,APB1TimFreq_Value,APB2CLKDivider,APB2Freq_Value,APB2TimFreq_Value,CortexFreq_Value,EthernetFreq_Value,FCLKCortexFreq_Value,FamilyName,HCLKFreq_Value,HSE_VALUE,HSI_VALUE,I2SClocksFreq_Value,LSI_VALUE,MCO2PinFreq_Value,PLLCLKFreq_Value,PLLM,PLLN,PLLQCLKFreq_Value,RTCFreq_Value,RTCHSEDivFreq_Value,SYSCLKFreq_VALUE,SYSCLKSource,VCOI2SOutputFreq_Value,VCOInputFreq_Value,VCOOutputFreq_Value,VcooutputI2S
PC9.GPIOParameters=GPIO_Label
ProjectManager.AskForMigrate=true
Mcu.Name=STM32F407Z(E-G)Tx
Mcu.Pin26=VP_TIM10_VS_ClockSourceINT
RCC.RTCHSEDivFreq_Value=12500000
PA2.Signal=USART2_TX
Mcu.Pin24=VP_SYS_VS_Systick
ProjectManager.UnderRoot=false
Mcu.Pin25=VP_TIM2_VS_ClockSourceINT
Dma.USART1_TX.2.PeriphInc=DMA_PINC_DISABLE
Mcu.IP8=USART1
Mcu.IP9=USART2
Mcu.IP6=TIM10
Mcu.IP7=UART5
ProjectManager.CoupleFile=true
PB4.Locked=true
RCC.48MHZClocksFreq_Value=84000000
PB3.Signal=GPIO_Output
PA4.Signal=ADCx_IN4
RCC.SYSCLKFreq_VALUE=168000000
Mcu.Pin22=PB4
PB5.Signal=GPIO_Output
Mcu.Pin23=PB5
Mcu.Pin20=PD2
ADC1.master=1
Mcu.Pin21=PB3
Dma.USART3_TX.4.Mode=DMA_NORMAL
NVIC.ForceEnableDMAVector=true
KeepUserPlacement=false
USART3.VirtualMode=VM_ASYNC
NVIC.MemoryManagement_IRQn=true\:0\:0\:false\:false\:true\:false\:false
PC12.GPIO_Label=distance_Tx
USART1.VirtualMode=VM_ASYNC
ProjectManager.CompilerOptimize=6
Dma.ADC1.0.MemInc=DMA_MINC_ENABLE
ProjectManager.HeapSize=0x200
Mcu.Pin15=PA9
NVIC.HardFault_IRQn=true\:0\:0\:false\:false\:true\:false\:false
Mcu.Pin16=PA10
Mcu.Pin13=PC7
Mcu.Pin14=PC9
Mcu.Pin19=PC12
NVIC.TIM1_UP_TIM10_IRQn=true\:8\:0\:true\:false\:true\:true\:true
ProjectManager.ComputerToolchain=false
Mcu.Pin17=PC10
Dma.USART1_TX.2.Mode=DMA_NORMAL
RCC.HSI_VALUE=16000000
Mcu.Pin18=PC11
NVIC.PriorityGroup=NVIC_PRIORITYGROUP_4
ADC1.NbrOfConversionFlag=1
Mcu.Pin11=PB11
Mcu.Pin12=PC6
Dma.USART1_TX.2.Instance=DMA2_Stream7
RCC.PLLM=8
RCC.PLLN=168
Mcu.Pin10=PB10
PA2.Mode=Asynchronous
PE2.Locked=true
TIM2.AutoReloadPreload=TIM_AUTORELOAD_PRELOAD_ENABLE
Dma.USART3_RX.3.Priority=DMA_PRIORITY_LOW
NVIC.DMA1_Stream3_IRQn=true\:9\:0\:true\:false\:true\:false\:true
Dma.USART1_RX.1.Direction=DMA_PERIPH_TO_MEMORY
PC9.Signal=GPIO_Output
PC7.Mode=Asynchronous
PD2.Signal=UART5_RX
RCC.APB1Freq_Value=42000000
PC0.Locked=true
ProjectManager.DeviceId=STM32F407ZGTx
PD2.GPIO_Label=distance_Rx
ProjectManager.LibraryCopy=1
PA3.GPIO_Label=modbusSlaveUSART_RX
